
Microsoft Visual Studio Solution File, Format Version 12.00
# Visual Studio Version 17
VisualStudioVersion = 17.0.32014.148
MinimumVisualStudioVersion = 10.0.40219.1
Project("{9A19103F-16F7-4668-BE54-9A1E7A4F7556}") = "PICarServerLib", "PICarServerLib\PICarServerLib.csproj", "{8ED89DCD-E6F3-4EDB-8776-500D632A97BF}"
EndProject
Project("{9A19103F-16F7-4668-BE54-9A1E7A4F7556}") = "PICarTest", "TestApp\PICarTest.csproj", "{3232DF41-00B5-49EB-9B79-3E83D3C15D69}"
EndProject
Project("{9A19103F-16F7-4668-BE54-9A1E7A4F7556}") = "L298NControllerTest", "L298NControlTestApp\L298NControllerTest.csproj", "{682B3452-0CC8-4F38-B4BC-99BF7CF70FE9}"
EndProject
Project("{9A19103F-16F7-4668-BE54-9A1E7A4F7556}") = "SonicSensorTest", "SonicSensorTestApp\SonicSensorTest.csproj", "{40666484-D1E4-41A7-B81D-32B37083BA08}"
EndProject
Project("{9A19103F-16F7-4668-BE54-9A1E7A4F7556}") = "I2cBusScanner", "I2cBusScanner\I2cBusScanner.csproj", "{05A70113-EA25-4500-A888-E0D70774CB84}"
EndProject
Project("{9A19103F-16F7-4668-BE54-9A1E7A4F7556}") = "UltraborgLib", "UltraborgLib\UltraborgLib.csproj", "{24A4E5E9-BB19-40F0-AF17-8477CCC3626B}"
EndProject
Project("{9A19103F-16F7-4668-BE54-9A1E7A4F7556}") = "L298NLibrary", "L298NLibrary\L298NLibrary.csproj", "{7F1E02FE-869C-4DFF-ABE8-2FEA876DA1F4}"
EndProject
Project("{9A19103F-16F7-4668-BE54-9A1E7A4F7556}") = "RGBLibrary", "RGBLibrary\RGBLibrary.csproj", "{6E105546-325E-433E-B970-F430FCF36B1E}"
EndProject
Project("{9A19103F-16F7-4668-BE54-9A1E7A4F7556}") = "PanTiltLibrary", "PanTiltLib\PanTiltLibrary.csproj", "{02F47DF5-D209-40C1-802D-3BEC3676E67B}"
EndProject
Project("{9A19103F-16F7-4668-BE54-9A1E7A4F7556}") = "PanTiltWebAPI", "PanTiltWebAPI\PanTiltWebAPI.csproj", "{600B4450-61C8-41F2-86FE-B72D00A901FF}"
EndProject
Project("{2150E333-8FDC-42A3-9474-1A3956D46DE8}") = "WebCamHTMLInterface", "WebCamHTMLInterface", "{DEB339A1-7648-48F8-BD37-37E546BA5C7B}"
	ProjectSection(SolutionItems) = preProject
		WebCamUI\index.html = WebCamUI\index.html
	EndProjectSection
EndProject
Project("{9A19103F-16F7-4668-BE54-9A1E7A4F7556}") = "UltraborgWebAPI", "UltraborgWebAPI\UltraborgWebAPI.csproj", "{E1F08AFC-2814-48EA-A6CD-BB55DEC9DB29}"
EndProject
Project("{9A19103F-16F7-4668-BE54-9A1E7A4F7556}") = "PanTiltHatManualTest", "PanTiltManualTest\PanTiltHatManualTest.csproj", "{D971353D-AF72-4ED5-B9C3-30BCB3F13EB8}"
EndProject
Project("{9A19103F-16F7-4668-BE54-9A1E7A4F7556}") = "PanTiltHATAutoTest", "PanTiltAutoTest\PanTiltHATAutoTest.csproj", "{EB9F1B13-7794-48D2-B516-7894D8CF533E}"
EndProject
Project("{9A19103F-16F7-4668-BE54-9A1E7A4F7556}") = "MotorControllerWebAPI", "MotorControllerWebAPI\MotorControllerWebAPI.csproj", "{3C35B322-68D8-45CB-A0BC-1339C87CEF91}"
EndProject
Project("{9A19103F-16F7-4668-BE54-9A1E7A4F7556}") = "CameraLibrary", "CameraLibrary\CameraLibrary.csproj", "{EB14C042-57CA-4388-B932-E3817DD5C0C2}"
EndProject
Project("{9A19103F-16F7-4668-BE54-9A1E7A4F7556}") = "CameraWebAPI", "CameraWebAPI\CameraWebAPI.csproj", "{5965E2AB-F87E-47F7-9B6F-8835AB44DD61}"
EndProject
Project("{9A19103F-16F7-4668-BE54-9A1E7A4F7556}") = "SonicSensorStream", "SonicSensorStream\SonicSensorStream.csproj", "{C31DF0A1-05D3-47B0-B342-3EE98023949A}"
EndProject
Project("{9A19103F-16F7-4668-BE54-9A1E7A4F7556}") = "BlazorWASMClient", "BlazorWASMClient\BlazorWASMClient.csproj", "{68A084C4-3ADF-4699-BB8D-18261656B936}"
EndProject
Global
	GlobalSection(SolutionConfigurationPlatforms) = preSolution
		Debug|Any CPU = Debug|Any CPU
		Release|Any CPU = Release|Any CPU
	EndGlobalSection
	GlobalSection(ProjectConfigurationPlatforms) = postSolution
		{8ED89DCD-E6F3-4EDB-8776-500D632A97BF}.Debug|Any CPU.ActiveCfg = Debug|Any CPU
		{8ED89DCD-E6F3-4EDB-8776-500D632A97BF}.Debug|Any CPU.Build.0 = Debug|Any CPU
		{8ED89DCD-E6F3-4EDB-8776-500D632A97BF}.Release|Any CPU.ActiveCfg = Release|Any CPU
		{8ED89DCD-E6F3-4EDB-8776-500D632A97BF}.Release|Any CPU.Build.0 = Release|Any CPU
		{3232DF41-00B5-49EB-9B79-3E83D3C15D69}.Debug|Any CPU.ActiveCfg = Debug|Any CPU
		{3232DF41-00B5-49EB-9B79-3E83D3C15D69}.Debug|Any CPU.Build.0 = Debug|Any CPU
		{3232DF41-00B5-49EB-9B79-3E83D3C15D69}.Release|Any CPU.ActiveCfg = Release|Any CPU
		{3232DF41-00B5-49EB-9B79-3E83D3C15D69}.Release|Any CPU.Build.0 = Release|Any CPU
		{682B3452-0CC8-4F38-B4BC-99BF7CF70FE9}.Debug|Any CPU.ActiveCfg = Debug|Any CPU
		{682B3452-0CC8-4F38-B4BC-99BF7CF70FE9}.Debug|Any CPU.Build.0 = Debug|Any CPU
		{682B3452-0CC8-4F38-B4BC-99BF7CF70FE9}.Release|Any CPU.ActiveCfg = Release|Any CPU
		{682B3452-0CC8-4F38-B4BC-99BF7CF70FE9}.Release|Any CPU.Build.0 = Release|Any CPU
		{40666484-D1E4-41A7-B81D-32B37083BA08}.Debug|Any CPU.ActiveCfg = Debug|Any CPU
		{40666484-D1E4-41A7-B81D-32B37083BA08}.Debug|Any CPU.Build.0 = Debug|Any CPU
		{40666484-D1E4-41A7-B81D-32B37083BA08}.Release|Any CPU.ActiveCfg = Release|Any CPU
		{40666484-D1E4-41A7-B81D-32B37083BA08}.Release|Any CPU.Build.0 = Release|Any CPU
		{05A70113-EA25-4500-A888-E0D70774CB84}.Debug|Any CPU.ActiveCfg = Debug|Any CPU
		{05A70113-EA25-4500-A888-E0D70774CB84}.Debug|Any CPU.Build.0 = Debug|Any CPU
		{05A70113-EA25-4500-A888-E0D70774CB84}.Release|Any CPU.ActiveCfg = Release|Any CPU
		{05A70113-EA25-4500-A888-E0D70774CB84}.Release|Any CPU.Build.0 = Release|Any CPU
		{24A4E5E9-BB19-40F0-AF17-8477CCC3626B}.Debug|Any CPU.ActiveCfg = Debug|Any CPU
		{24A4E5E9-BB19-40F0-AF17-8477CCC3626B}.Debug|Any CPU.Build.0 = Debug|Any CPU
		{24A4E5E9-BB19-40F0-AF17-8477CCC3626B}.Release|Any CPU.ActiveCfg = Release|Any CPU
		{24A4E5E9-BB19-40F0-AF17-8477CCC3626B}.Release|Any CPU.Build.0 = Release|Any CPU
		{7F1E02FE-869C-4DFF-ABE8-2FEA876DA1F4}.Debug|Any CPU.ActiveCfg = Debug|Any CPU
		{7F1E02FE-869C-4DFF-ABE8-2FEA876DA1F4}.Debug|Any CPU.Build.0 = Debug|Any CPU
		{7F1E02FE-869C-4DFF-ABE8-2FEA876DA1F4}.Release|Any CPU.ActiveCfg = Release|Any CPU
		{7F1E02FE-869C-4DFF-ABE8-2FEA876DA1F4}.Release|Any CPU.Build.0 = Release|Any CPU
		{6E105546-325E-433E-B970-F430FCF36B1E}.Debug|Any CPU.ActiveCfg = Debug|Any CPU
		{6E105546-325E-433E-B970-F430FCF36B1E}.Debug|Any CPU.Build.0 = Debug|Any CPU
		{6E105546-325E-433E-B970-F430FCF36B1E}.Release|Any CPU.ActiveCfg = Release|Any CPU
		{6E105546-325E-433E-B970-F430FCF36B1E}.Release|Any CPU.Build.0 = Release|Any CPU
		{02F47DF5-D209-40C1-802D-3BEC3676E67B}.Debug|Any CPU.ActiveCfg = Debug|Any CPU
		{02F47DF5-D209-40C1-802D-3BEC3676E67B}.Debug|Any CPU.Build.0 = Debug|Any CPU
		{02F47DF5-D209-40C1-802D-3BEC3676E67B}.Release|Any CPU.ActiveCfg = Release|Any CPU
		{02F47DF5-D209-40C1-802D-3BEC3676E67B}.Release|Any CPU.Build.0 = Release|Any CPU
		{600B4450-61C8-41F2-86FE-B72D00A901FF}.Debug|Any CPU.ActiveCfg = Debug|Any CPU
		{600B4450-61C8-41F2-86FE-B72D00A901FF}.Debug|Any CPU.Build.0 = Debug|Any CPU
		{600B4450-61C8-41F2-86FE-B72D00A901FF}.Release|Any CPU.ActiveCfg = Release|Any CPU
		{600B4450-61C8-41F2-86FE-B72D00A901FF}.Release|Any CPU.Build.0 = Release|Any CPU
		{E1F08AFC-2814-48EA-A6CD-BB55DEC9DB29}.Debug|Any CPU.ActiveCfg = Debug|Any CPU
		{E1F08AFC-2814-48EA-A6CD-BB55DEC9DB29}.Debug|Any CPU.Build.0 = Debug|Any CPU
		{E1F08AFC-2814-48EA-A6CD-BB55DEC9DB29}.Release|Any CPU.ActiveCfg = Release|Any CPU
		{E1F08AFC-2814-48EA-A6CD-BB55DEC9DB29}.Release|Any CPU.Build.0 = Release|Any CPU
		{D971353D-AF72-4ED5-B9C3-30BCB3F13EB8}.Debug|Any CPU.ActiveCfg = Debug|Any CPU
		{D971353D-AF72-4ED5-B9C3-30BCB3F13EB8}.Debug|Any CPU.Build.0 = Debug|Any CPU
		{D971353D-AF72-4ED5-B9C3-30BCB3F13EB8}.Release|Any CPU.ActiveCfg = Release|Any CPU
		{D971353D-AF72-4ED5-B9C3-30BCB3F13EB8}.Release|Any CPU.Build.0 = Release|Any CPU
		{EB9F1B13-7794-48D2-B516-7894D8CF533E}.Debug|Any CPU.ActiveCfg = Debug|Any CPU
		{EB9F1B13-7794-48D2-B516-7894D8CF533E}.Debug|Any CPU.Build.0 = Debug|Any CPU
		{EB9F1B13-7794-48D2-B516-7894D8CF533E}.Release|Any CPU.ActiveCfg = Release|Any CPU
		{EB9F1B13-7794-48D2-B516-7894D8CF533E}.Release|Any CPU.Build.0 = Release|Any CPU
		{3C35B322-68D8-45CB-A0BC-1339C87CEF91}.Debug|Any CPU.ActiveCfg = Debug|Any CPU
		{3C35B322-68D8-45CB-A0BC-1339C87CEF91}.Debug|Any CPU.Build.0 = Debug|Any CPU
		{3C35B322-68D8-45CB-A0BC-1339C87CEF91}.Release|Any CPU.ActiveCfg = Release|Any CPU
		{3C35B322-68D8-45CB-A0BC-1339C87CEF91}.Release|Any CPU.Build.0 = Release|Any CPU
		{EB14C042-57CA-4388-B932-E3817DD5C0C2}.Debug|Any CPU.ActiveCfg = Debug|Any CPU
		{EB14C042-57CA-4388-B932-E3817DD5C0C2}.Debug|Any CPU.Build.0 = Debug|Any CPU
		{EB14C042-57CA-4388-B932-E3817DD5C0C2}.Release|Any CPU.ActiveCfg = Release|Any CPU
		{EB14C042-57CA-4388-B932-E3817DD5C0C2}.Release|Any CPU.Build.0 = Release|Any CPU
		{5965E2AB-F87E-47F7-9B6F-8835AB44DD61}.Debug|Any CPU.ActiveCfg = Debug|Any CPU
		{5965E2AB-F87E-47F7-9B6F-8835AB44DD61}.Debug|Any CPU.Build.0 = Debug|Any CPU
		{5965E2AB-F87E-47F7-9B6F-8835AB44DD61}.Release|Any CPU.ActiveCfg = Release|Any CPU
		{5965E2AB-F87E-47F7-9B6F-8835AB44DD61}.Release|Any CPU.Build.0 = Release|Any CPU
		{C31DF0A1-05D3-47B0-B342-3EE98023949A}.Debug|Any CPU.ActiveCfg = Debug|Any CPU
		{C31DF0A1-05D3-47B0-B342-3EE98023949A}.Debug|Any CPU.Build.0 = Debug|Any CPU
		{C31DF0A1-05D3-47B0-B342-3EE98023949A}.Release|Any CPU.ActiveCfg = Release|Any CPU
		{C31DF0A1-05D3-47B0-B342-3EE98023949A}.Release|Any CPU.Build.0 = Release|Any CPU
		{68A084C4-3ADF-4699-BB8D-18261656B936}.Debug|Any CPU.ActiveCfg = Debug|Any CPU
		{68A084C4-3ADF-4699-BB8D-18261656B936}.Debug|Any CPU.Build.0 = Debug|Any CPU
		{68A084C4-3ADF-4699-BB8D-18261656B936}.Release|Any CPU.ActiveCfg = Release|Any CPU
		{68A084C4-3ADF-4699-BB8D-18261656B936}.Release|Any CPU.Build.0 = Release|Any CPU
	EndGlobalSection
	GlobalSection(SolutionProperties) = preSolution
		HideSolutionNode = FALSE
	EndGlobalSection
	GlobalSection(ExtensibilityGlobals) = postSolution
		SolutionGuid = {64F07E1A-7036-4D5D-B164-72341EC058D5}
	EndGlobalSection
EndGlobal
