
Microsoft Visual Studio Solution File, Format Version 12.00
# Visual Studio Version 17
VisualStudioVersion = 17.0.32014.148
MinimumVisualStudioVersion = 10.0.40219.1
Project("{9A19103F-16F7-4668-BE54-9A1E7A4F7556}") = "PICarServerLib", "PICarServerLib\PICarServerLib.csproj", "{8ED89DCD-E6F3-4EDB-8776-500D632A97BF}"
EndProject
Project("{9A19103F-16F7-4668-BE54-9A1E7A4F7556}") = "PICarTest", "TestApp\PICarTest.csproj", "{3232DF41-00B5-49EB-9B79-3E83D3C15D69}"
EndProject
Project("{9A19103F-16F7-4668-BE54-9A1E7A4F7556}") = "PICarUIServer", "PICarUIServer\PICarUIServer.csproj", "{9C7B5235-DEC6-4536-878F-ABB06BAFC10C}"
EndProject
Project("{9A19103F-16F7-4668-BE54-9A1E7A4F7556}") = "L298NControlTestApp", "L298NControlTestApp\L298NControlTestApp.csproj", "{682B3452-0CC8-4F38-B4BC-99BF7CF70FE9}"
EndProject
Project("{9A19103F-16F7-4668-BE54-9A1E7A4F7556}") = "SonicSensorTestApp", "SonicSensorTestApp\SonicSensorTestApp.csproj", "{40666484-D1E4-41A7-B81D-32B37083BA08}"
EndProject
Project("{9A19103F-16F7-4668-BE54-9A1E7A4F7556}") = "PanTiltHATTest", "..\PanTiltHATTest\PanTiltHATTest\PanTiltHATTest.csproj", "{8AE63C11-84BE-4180-8176-D6584FE17973}"
EndProject
Project("{9A19103F-16F7-4668-BE54-9A1E7A4F7556}") = "I2cBusScanner", "I2cBusScanner\I2cBusScanner.csproj", "{05A70113-EA25-4500-A888-E0D70774CB84}"
EndProject
Global
	GlobalSection(SolutionConfigurationPlatforms) = preSolution
		Debug|Any CPU = Debug|Any CPU
		Release|Any CPU = Release|Any CPU
	EndGlobalSection
	GlobalSection(ProjectConfigurationPlatforms) = postSolution
		{8ED89DCD-E6F3-4EDB-8776-500D632A97BF}.Debug|Any CPU.ActiveCfg = Debug|Any CPU
		{8ED89DCD-E6F3-4EDB-8776-500D632A97BF}.Debug|Any CPU.Build.0 = Debug|Any CPU
		{8ED89DCD-E6F3-4EDB-8776-500D632A97BF}.Release|Any CPU.ActiveCfg = Release|Any CPU
		{8ED89DCD-E6F3-4EDB-8776-500D632A97BF}.Release|Any CPU.Build.0 = Release|Any CPU
		{3232DF41-00B5-49EB-9B79-3E83D3C15D69}.Debug|Any CPU.ActiveCfg = Debug|Any CPU
		{3232DF41-00B5-49EB-9B79-3E83D3C15D69}.Debug|Any CPU.Build.0 = Debug|Any CPU
		{3232DF41-00B5-49EB-9B79-3E83D3C15D69}.Release|Any CPU.ActiveCfg = Release|Any CPU
		{3232DF41-00B5-49EB-9B79-3E83D3C15D69}.Release|Any CPU.Build.0 = Release|Any CPU
		{9C7B5235-DEC6-4536-878F-ABB06BAFC10C}.Debug|Any CPU.ActiveCfg = Debug|Any CPU
		{9C7B5235-DEC6-4536-878F-ABB06BAFC10C}.Debug|Any CPU.Build.0 = Debug|Any CPU
		{9C7B5235-DEC6-4536-878F-ABB06BAFC10C}.Release|Any CPU.ActiveCfg = Release|Any CPU
		{9C7B5235-DEC6-4536-878F-ABB06BAFC10C}.Release|Any CPU.Build.0 = Release|Any CPU
		{682B3452-0CC8-4F38-B4BC-99BF7CF70FE9}.Debug|Any CPU.ActiveCfg = Debug|Any CPU
		{682B3452-0CC8-4F38-B4BC-99BF7CF70FE9}.Debug|Any CPU.Build.0 = Debug|Any CPU
		{682B3452-0CC8-4F38-B4BC-99BF7CF70FE9}.Release|Any CPU.ActiveCfg = Release|Any CPU
		{682B3452-0CC8-4F38-B4BC-99BF7CF70FE9}.Release|Any CPU.Build.0 = Release|Any CPU
		{40666484-D1E4-41A7-B81D-32B37083BA08}.Debug|Any CPU.ActiveCfg = Debug|Any CPU
		{40666484-D1E4-41A7-B81D-32B37083BA08}.Debug|Any CPU.Build.0 = Debug|Any CPU
		{40666484-D1E4-41A7-B81D-32B37083BA08}.Release|Any CPU.ActiveCfg = Release|Any CPU
		{40666484-D1E4-41A7-B81D-32B37083BA08}.Release|Any CPU.Build.0 = Release|Any CPU
		{8AE63C11-84BE-4180-8176-D6584FE17973}.Debug|Any CPU.ActiveCfg = Debug|Any CPU
		{8AE63C11-84BE-4180-8176-D6584FE17973}.Debug|Any CPU.Build.0 = Debug|Any CPU
		{8AE63C11-84BE-4180-8176-D6584FE17973}.Release|Any CPU.ActiveCfg = Release|Any CPU
		{8AE63C11-84BE-4180-8176-D6584FE17973}.Release|Any CPU.Build.0 = Release|Any CPU
		{05A70113-EA25-4500-A888-E0D70774CB84}.Debug|Any CPU.ActiveCfg = Debug|Any CPU
		{05A70113-EA25-4500-A888-E0D70774CB84}.Debug|Any CPU.Build.0 = Debug|Any CPU
		{05A70113-EA25-4500-A888-E0D70774CB84}.Release|Any CPU.ActiveCfg = Release|Any CPU
		{05A70113-EA25-4500-A888-E0D70774CB84}.Release|Any CPU.Build.0 = Release|Any CPU
	EndGlobalSection
	GlobalSection(SolutionProperties) = preSolution
		HideSolutionNode = FALSE
	EndGlobalSection
	GlobalSection(ExtensibilityGlobals) = postSolution
		SolutionGuid = {64F07E1A-7036-4D5D-B164-72341EC058D5}
	EndGlobalSection
EndGlobal
